// !$*UTF8*$!
{
	archiveVersion = 1;
	classes = {
	};
	objectVersion = 50;
	objects = {

/* Begin PBXBuildFile section */
		B42B974226888021001D96D2 /* LoginController.swift in Sources */ = {isa = PBXBuildFile; fileRef = B42B974126888021001D96D2 /* LoginController.swift */; };
		B42B97442688802A001D96D2 /* RegistrationController.swift in Sources */ = {isa = PBXBuildFile; fileRef = B42B97432688802A001D96D2 /* RegistrationController.swift */; };
		B42B9746268880CA001D96D2 /* Utilities.swift in Sources */ = {isa = PBXBuildFile; fileRef = B42B9745268880CA001D96D2 /* Utilities.swift */; };
		B45423E42682156E0037419E /* AppDelegate.swift in Sources */ = {isa = PBXBuildFile; fileRef = B45423E32682156E0037419E /* AppDelegate.swift */; };
		B45423E62682156E0037419E /* SceneDelegate.swift in Sources */ = {isa = PBXBuildFile; fileRef = B45423E52682156E0037419E /* SceneDelegate.swift */; };
		B45423E82682156E0037419E /* ViewController.swift in Sources */ = {isa = PBXBuildFile; fileRef = B45423E72682156E0037419E /* ViewController.swift */; };
		B45423EB2682156E0037419E /* Main.storyboard in Resources */ = {isa = PBXBuildFile; fileRef = B45423E92682156E0037419E /* Main.storyboard */; };
		B45423ED268215700037419E /* Assets.xcassets in Resources */ = {isa = PBXBuildFile; fileRef = B45423EC268215700037419E /* Assets.xcassets */; };
		B45423F0268215700037419E /* LaunchScreen.storyboard in Resources */ = {isa = PBXBuildFile; fileRef = B45423EE268215700037419E /* LaunchScreen.storyboard */; };
		B4542400268217240037419E /* MainTapController.swift in Sources */ = {isa = PBXBuildFile; fileRef = B45423FF268217240037419E /* MainTapController.swift */; };
		B4542402268217FF0037419E /* FeedController.swift in Sources */ = {isa = PBXBuildFile; fileRef = B4542401268217FF0037419E /* FeedController.swift */; };
		B45424042682192C0037419E /* SelectorController.swift in Sources */ = {isa = PBXBuildFile; fileRef = B45424032682192C0037419E /* SelectorController.swift */; };
		B4542406268219480037419E /* CommunityController.swift in Sources */ = {isa = PBXBuildFile; fileRef = B4542405268219480037419E /* CommunityController.swift */; };
		B454240826821C5E0037419E /* Extensions.swift in Sources */ = {isa = PBXBuildFile; fileRef = B454240726821C5E0037419E /* Extensions.swift */; };
		B454240A26821EC50037419E /* MessageController.swift in Sources */ = {isa = PBXBuildFile; fileRef = B454240926821EC50037419E /* MessageController.swift */; };
		B454240C26821F1F0037419E /* ProfileController.swift in Sources */ = {isa = PBXBuildFile; fileRef = B454240B26821F1F0037419E /* ProfileController.swift */; };
		B454240E2682224F0037419E /* SearchController.swift in Sources */ = {isa = PBXBuildFile; fileRef = B454240D2682224F0037419E /* SearchController.swift */; };
/* End PBXBuildFile section */

/* Begin PBXFileReference section */
		B42B974126888021001D96D2 /* LoginController.swift */ = {isa = PBXFileReference; lastKnownFileType = sourcecode.swift; path = LoginController.swift; sourceTree = "<group>"; };
		B42B97432688802A001D96D2 /* RegistrationController.swift */ = {isa = PBXFileReference; lastKnownFileType = sourcecode.swift; path = RegistrationController.swift; sourceTree = "<group>"; };
		B42B9745268880CA001D96D2 /* Utilities.swift */ = {isa = PBXFileReference; lastKnownFileType = sourcecode.swift; path = Utilities.swift; sourceTree = "<group>"; };
		B45423E02682156E0037419E /* ArtCommunity.app */ = {isa = PBXFileReference; explicitFileType = wrapper.application; includeInIndex = 0; path = ArtCommunity.app; sourceTree = BUILT_PRODUCTS_DIR; };
		B45423E32682156E0037419E /* AppDelegate.swift */ = {isa = PBXFileReference; lastKnownFileType = sourcecode.swift; path = AppDelegate.swift; sourceTree = "<group>"; };
		B45423E52682156E0037419E /* SceneDelegate.swift */ = {isa = PBXFileReference; lastKnownFileType = sourcecode.swift; path = SceneDelegate.swift; sourceTree = "<group>"; };
		B45423E72682156E0037419E /* ViewController.swift */ = {isa = PBXFileReference; lastKnownFileType = sourcecode.swift; path = ViewController.swift; sourceTree = "<group>"; };
		B45423EA2682156E0037419E /* Base */ = {isa = PBXFileReference; lastKnownFileType = file.storyboard; name = Base; path = Base.lproj/Main.storyboard; sourceTree = "<group>"; };
		B45423EC268215700037419E /* Assets.xcassets */ = {isa = PBXFileReference; lastKnownFileType = folder.assetcatalog; path = Assets.xcassets; sourceTree = "<group>"; };
		B45423EF268215700037419E /* Base */ = {isa = PBXFileReference; lastKnownFileType = file.storyboard; name = Base; path = Base.lproj/LaunchScreen.storyboard; sourceTree = "<group>"; };
		B45423F1268215700037419E /* Info.plist */ = {isa = PBXFileReference; lastKnownFileType = text.plist.xml; path = Info.plist; sourceTree = "<group>"; };
		B45423FF268217240037419E /* MainTapController.swift */ = {isa = PBXFileReference; lastKnownFileType = sourcecode.swift; path = MainTapController.swift; sourceTree = "<group>"; };
		B4542401268217FF0037419E /* FeedController.swift */ = {isa = PBXFileReference; lastKnownFileType = sourcecode.swift; path = FeedController.swift; sourceTree = "<group>"; };
		B45424032682192C0037419E /* SelectorController.swift */ = {isa = PBXFileReference; lastKnownFileType = sourcecode.swift; path = SelectorController.swift; sourceTree = "<group>"; };
		B4542405268219480037419E /* CommunityController.swift */ = {isa = PBXFileReference; lastKnownFileType = sourcecode.swift; path = CommunityController.swift; sourceTree = "<group>"; };
		B454240726821C5E0037419E /* Extensions.swift */ = {isa = PBXFileReference; lastKnownFileType = sourcecode.swift; path = Extensions.swift; sourceTree = "<group>"; };
		B454240926821EC50037419E /* MessageController.swift */ = {isa = PBXFileReference; lastKnownFileType = sourcecode.swift; path = MessageController.swift; sourceTree = "<group>"; };
		B454240B26821F1F0037419E /* ProfileController.swift */ = {isa = PBXFileReference; lastKnownFileType = sourcecode.swift; path = ProfileController.swift; sourceTree = "<group>"; };
		B454240D2682224F0037419E /* SearchController.swift */ = {isa = PBXFileReference; lastKnownFileType = sourcecode.swift; path = SearchController.swift; sourceTree = "<group>"; };
/* End PBXFileReference section */

/* Begin PBXFrameworksBuildPhase section */
		B45423DD2682156E0037419E /* Frameworks */ = {
			isa = PBXFrameworksBuildPhase;
			buildActionMask = 2147483647;
			files = (
			);
			runOnlyForDeploymentPostprocessing = 0;
		};
/* End PBXFrameworksBuildPhase section */

/* Begin PBXGroup section */
		B42B974026888013001D96D2 /* Authentication */ = {
			isa = PBXGroup;
			children = (
				B42B974126888021001D96D2 /* LoginController.swift */,
				B42B97432688802A001D96D2 /* RegistrationController.swift */,
			);
			path = Authentication;
			sourceTree = "<group>";
		};
		B45423D72682156E0037419E = {
			isa = PBXGroup;
			children = (
				B45423E22682156E0037419E /* ArtCommunity */,
				B45423E12682156E0037419E /* Products */,
			);
			sourceTree = "<group>";
		};
		B45423E12682156E0037419E /* Products */ = {
			isa = PBXGroup;
			children = (
				B45423E02682156E0037419E /* ArtCommunity.app */,
			);
			name = Products;
			sourceTree = "<group>";
		};
		B45423E22682156E0037419E /* ArtCommunity */ = {
			isa = PBXGroup;
			children = (
				B45423FE268215BD0037419E /* Model */,
				B45423FD268215BC0037419E /* View */,
				B45423FC268215BB0037419E /* ViewModel */,
				B45423FB268215BA0037419E /* Controller */,
				B45423F9268215B20037419E /* API */,
				B45423F72682157F0037419E /* Utils */,
				B45423E32682156E0037419E /* AppDelegate.swift */,
				B45423E52682156E0037419E /* SceneDelegate.swift */,
				B45423E72682156E0037419E /* ViewController.swift */,
				B45423E92682156E0037419E /* Main.storyboard */,
				B45423EC268215700037419E /* Assets.xcassets */,
				B45423EE268215700037419E /* LaunchScreen.storyboard */,
				B45423F1268215700037419E /* Info.plist */,
			);
			path = ArtCommunity;
			sourceTree = "<group>";
		};
		B45423F72682157F0037419E /* Utils */ = {
			isa = PBXGroup;
			children = (
				B454240726821C5E0037419E /* Extensions.swift */,
				B42B9745268880CA001D96D2 /* Utilities.swift */,
			);
			path = Utils;
			sourceTree = "<group>";
		};
		B45423F9268215B20037419E /* API */ = {
			isa = PBXGroup;
			children = (
			);
			path = API;
			sourceTree = "<group>";
		};
		B45423FB268215BA0037419E /* Controller */ = {
			isa = PBXGroup;
			children = (
				B42B974026888013001D96D2 /* Authentication */,
				B45423FF268217240037419E /* MainTapController.swift */,
				B4542401268217FF0037419E /* FeedController.swift */,
				B45424032682192C0037419E /* SelectorController.swift */,
				B4542405268219480037419E /* CommunityController.swift */,
				B454240926821EC50037419E /* MessageController.swift */,
				B454240B26821F1F0037419E /* ProfileController.swift */,
				B454240D2682224F0037419E /* SearchController.swift */,
			);
			path = Controller;
			sourceTree = "<group>";
		};
		B45423FC268215BB0037419E /* ViewModel */ = {
			isa = PBXGroup;
			children = (
			);
			path = ViewModel;
			sourceTree = "<group>";
		};
		B45423FD268215BC0037419E /* View */ = {
			isa = PBXGroup;
			children = (
			);
			path = View;
			sourceTree = "<group>";
		};
		B45423FE268215BD0037419E /* Model */ = {
			isa = PBXGroup;
			children = (
			);
			path = Model;
			sourceTree = "<group>";
		};
/* End PBXGroup section */

/* Begin PBXNativeTarget section */
		B45423DF2682156E0037419E /* ArtCommunity */ = {
			isa = PBXNativeTarget;
			buildConfigurationList = B45423F4268215700037419E /* Build configuration list for PBXNativeTarget "ArtCommunity" */;
			buildPhases = (
				B45423DC2682156E0037419E /* Sources */,
				B45423DD2682156E0037419E /* Frameworks */,
				B45423DE2682156E0037419E /* Resources */,
			);
			buildRules = (
			);
			dependencies = (
			);
			name = ArtCommunity;
			productName = ArtCommunity;
			productReference = B45423E02682156E0037419E /* ArtCommunity.app */;
			productType = "com.apple.product-type.application";
		};
/* End PBXNativeTarget section */

/* Begin PBXProject section */
		B45423D82682156E0037419E /* Project object */ = {
			isa = PBXProject;
			attributes = {
				LastSwiftUpdateCheck = 1250;
				LastUpgradeCheck = 1250;
				TargetAttributes = {
					B45423DF2682156E0037419E = {
						CreatedOnToolsVersion = 12.5;
					};
				};
			};
			buildConfigurationList = B45423DB2682156E0037419E /* Build configuration list for PBXProject "ArtCommunity" */;
			compatibilityVersion = "Xcode 9.3";
			developmentRegion = en;
			hasScannedForEncodings = 0;
			knownRegions = (
				en,
				Base,
			);
			mainGroup = B45423D72682156E0037419E;
			productRefGroup = B45423E12682156E0037419E /* Products */;
			projectDirPath = "";
			projectRoot = "";
			targets = (
				B45423DF2682156E0037419E /* ArtCommunity */,
			);
		};
/* End PBXProject section */

/* Begin PBXResourcesBuildPhase section */
		B45423DE2682156E0037419E /* Resources */ = {
			isa = PBXResourcesBuildPhase;
			buildActionMask = 2147483647;
			files = (
				B45423F0268215700037419E /* LaunchScreen.storyboard in Resources */,
				B45423ED268215700037419E /* Assets.xcassets in Resources */,
				B45423EB2682156E0037419E /* Main.storyboard in Resources */,
			);
			runOnlyForDeploymentPostprocessing = 0;
		};
/* End PBXResourcesBuildPhase section */

/* Begin PBXSourcesBuildPhase section */
		B45423DC2682156E0037419E /* Sources */ = {
			isa = PBXSourcesBuildPhase;
			buildActionMask = 2147483647;
			files = (
				B4542400268217240037419E /* MainTapController.swift in Sources */,
				B42B974226888021001D96D2 /* LoginController.swift in Sources */,
				B42B9746268880CA001D96D2 /* Utilities.swift in Sources */,
				B454240A26821EC50037419E /* MessageController.swift in Sources */,
				B45423E82682156E0037419E /* ViewController.swift in Sources */,
				B4542402268217FF0037419E /* FeedController.swift in Sources */,
				B454240826821C5E0037419E /* Extensions.swift in Sources */,
				B454240C26821F1F0037419E /* ProfileController.swift in Sources */,
				B45423E42682156E0037419E /* AppDelegate.swift in Sources */,
				B45424042682192C0037419E /* SelectorController.swift in Sources */,
				B454240E2682224F0037419E /* SearchController.swift in Sources */,
				B4542406268219480037419E /* CommunityController.swift in Sources */,
				B45423E62682156E0037419E /* SceneDelegate.swift in Sources */,
				B42B97442688802A001D96D2 /* RegistrationController.swift in Sources */,
			);
			runOnlyForDeploymentPostprocessing = 0;
		};
/* End PBXSourcesBuildPhase section */

/* Begin PBXVariantGroup section */
		B45423E92682156E0037419E /* Main.storyboard */ = {
			isa = PBXVariantGroup;
			children = (
				B45423EA2682156E0037419E /* Base */,
			);
			name = Main.storyboard;
			sourceTree = "<group>";
		};
		B45423EE268215700037419E /* LaunchScreen.storyboard */ = {
			isa = PBXVariantGroup;
			children = (
				B45423EF268215700037419E /* Base */,
			);
			name = LaunchScreen.storyboard;
			sourceTree = "<group>";
		};
/* End PBXVariantGroup section */

/* Begin XCBuildConfiguration section */
		B45423F2268215700037419E /* Debug */ = {
			isa = XCBuildConfiguration;
			buildSettings = {
				ALWAYS_SEARCH_USER_PATHS = NO;
				CLANG_ANALYZER_NONNULL = YES;
				CLANG_ANALYZER_NUMBER_OBJECT_CONVERSION = YES_AGGRESSIVE;
				CLANG_CXX_LANGUAGE_STANDARD = "gnu++14";
				CLANG_CXX_LIBRARY = "libc++";
				CLANG_ENABLE_MODULES = YES;
				CLANG_ENABLE_OBJC_ARC = YES;
				CLANG_ENABLE_OBJC_WEAK = YES;
				CLANG_WARN_BLOCK_CAPTURE_AUTORELEASING = YES;
				CLANG_WARN_BOOL_CONVERSION = YES;
				CLANG_WARN_COMMA = YES;
				CLANG_WARN_CONSTANT_CONVERSION = YES;
				CLANG_WARN_DEPRECATED_OBJC_IMPLEMENTATIONS = YES;
				CLANG_WARN_DIRECT_OBJC_ISA_USAGE = YES_ERROR;
				CLANG_WARN_DOCUMENTATION_COMMENTS = YES;
				CLANG_WARN_EMPTY_BODY = YES;
				CLANG_WARN_ENUM_CONVERSION = YES;
				CLANG_WARN_INFINITE_RECURSION = YES;
				CLANG_WARN_INT_CONVERSION = YES;
				CLANG_WARN_NON_LITERAL_NULL_CONVERSION = YES;
				CLANG_WARN_OBJC_IMPLICIT_RETAIN_SELF = YES;
				CLANG_WARN_OBJC_LITERAL_CONVERSION = YES;
				CLANG_WARN_OBJC_ROOT_CLASS = YES_ERROR;
				CLANG_WARN_QUOTED_INCLUDE_IN_FRAMEWORK_HEADER = YES;
				CLANG_WARN_RANGE_LOOP_ANALYSIS = YES;
				CLANG_WARN_STRICT_PROTOTYPES = YES;
				CLANG_WARN_SUSPICIOUS_MOVE = YES;
				CLANG_WARN_UNGUARDED_AVAILABILITY = YES_AGGRESSIVE;
				CLANG_WARN_UNREACHABLE_CODE = YES;
				CLANG_WARN__DUPLICATE_METHOD_MATCH = YES;
				COPY_PHASE_STRIP = NO;
				DEBUG_INFORMATION_FORMAT = dwarf;
				ENABLE_STRICT_OBJC_MSGSEND = YES;
				ENABLE_TESTABILITY = YES;
				GCC_C_LANGUAGE_STANDARD = gnu11;
				GCC_DYNAMIC_NO_PIC = NO;
				GCC_NO_COMMON_BLOCKS = YES;
				GCC_OPTIMIZATION_LEVEL = 0;
				GCC_PREPROCESSOR_DEFINITIONS = (
					"DEBUG=1",
					"$(inherited)",
				);
				GCC_WARN_64_TO_32_BIT_CONVERSION = YES;
				GCC_WARN_ABOUT_RETURN_TYPE = YES_ERROR;
				GCC_WARN_UNDECLARED_SELECTOR = YES;
				GCC_WARN_UNINITIALIZED_AUTOS = YES_AGGRESSIVE;
				GCC_WARN_UNUSED_FUNCTION = YES;
				GCC_WARN_UNUSED_VARIABLE = YES;
				IPHONEOS_DEPLOYMENT_TARGET = 14.5;
				MTL_ENABLE_DEBUG_INFO = INCLUDE_SOURCE;
				MTL_FAST_MATH = YES;
				ONLY_ACTIVE_ARCH = YES;
				SDKROOT = iphoneos;
				SWIFT_ACTIVE_COMPILATION_CONDITIONS = DEBUG;
				SWIFT_OPTIMIZATION_LEVEL = "-Onone";
			};
			name = Debug;
		};
		B45423F3268215700037419E /* Release */ = {
			isa = XCBuildConfiguration;
			buildSettings = {
				ALWAYS_SEARCH_USER_PATHS = NO;
				CLANG_ANALYZER_NONNULL = YES;
				CLANG_ANALYZER_NUMBER_OBJECT_CONVERSION = YES_AGGRESSIVE;
				CLANG_CXX_LANGUAGE_STANDARD = "gnu++14";
				CLANG_CXX_LIBRARY = "libc++";
				CLANG_ENABLE_MODULES = YES;
				CLANG_ENABLE_OBJC_ARC = YES;
				CLANG_ENABLE_OBJC_WEAK = YES;
				CLANG_WARN_BLOCK_CAPTURE_AUTORELEASING = YES;
				CLANG_WARN_BOOL_CONVERSION = YES;
				CLANG_WARN_COMMA = YES;
				CLANG_WARN_CONSTANT_CONVERSION = YES;
				CLANG_WARN_DEPRECATED_OBJC_IMPLEMENTATIONS = YES;
				CLANG_WARN_DIRECT_OBJC_ISA_USAGE = YES_ERROR;
				CLANG_WARN_DOCUMENTATION_COMMENTS = YES;
				CLANG_WARN_EMPTY_BODY = YES;
				CLANG_WARN_ENUM_CONVERSION = YES;
				CLANG_WARN_INFINITE_RECURSION = YES;
				CLANG_WARN_INT_CONVERSION = YES;
				CLANG_WARN_NON_LITERAL_NULL_CONVERSION = YES;
				CLANG_WARN_OBJC_IMPLICIT_RETAIN_SELF = YES;
				CLANG_WARN_OBJC_LITERAL_CONVERSION = YES;
				CLANG_WARN_OBJC_ROOT_CLASS = YES_ERROR;
				CLANG_WARN_QUOTED_INCLUDE_IN_FRAMEWORK_HEADER = YES;
				CLANG_WARN_RANGE_LOOP_ANALYSIS = YES;
				CLANG_WARN_STRICT_PROTOTYPES = YES;
				CLANG_WARN_SUSPICIOUS_MOVE = YES;
				CLANG_WARN_UNGUARDED_AVAILABILITY = YES_AGGRESSIVE;
				CLANG_WARN_UNREACHABLE_CODE = YES;
				CLANG_WARN__DUPLICATE_METHOD_MATCH = YES;
				COPY_PHASE_STRIP = NO;
				DEBUG_INFORMATION_FORMAT = "dwarf-with-dsym";
				ENABLE_NS_ASSERTIONS = NO;
				ENABLE_STRICT_OBJC_MSGSEND = YES;
				GCC_C_LANGUAGE_STANDARD = gnu11;
				GCC_NO_COMMON_BLOCKS = YES;
				GCC_WARN_64_TO_32_BIT_CONVERSION = YES;
				GCC_WARN_ABOUT_RETURN_TYPE = YES_ERROR;
				GCC_WARN_UNDECLARED_SELECTOR = YES;
				GCC_WARN_UNINITIALIZED_AUTOS = YES_AGGRESSIVE;
				GCC_WARN_UNUSED_FUNCTION = YES;
				GCC_WARN_UNUSED_VARIABLE = YES;
				IPHONEOS_DEPLOYMENT_TARGET = 14.5;
				MTL_ENABLE_DEBUG_INFO = NO;
				MTL_FAST_MATH = YES;
				SDKROOT = iphoneos;
				SWIFT_COMPILATION_MODE = wholemodule;
				SWIFT_OPTIMIZATION_LEVEL = "-O";
				VALIDATE_PRODUCT = YES;
			};
			name = Release;
		};
		B45423F5268215700037419E /* Debug */ = {
			isa = XCBuildConfiguration;
			buildSettings = {
				ASSETCATALOG_COMPILER_GLOBAL_ACCENT_COLOR_NAME = AccentColor;
				CODE_SIGN_STYLE = Automatic;
				DEVELOPMENT_TEAM = 7MS89TXQ5T;
				INFOPLIST_FILE = ArtCommunity/Info.plist;
				LD_RUNPATH_SEARCH_PATHS = (
					"$(inherited)",
					"@executable_path/Frameworks",
				);
				PRODUCT_BUNDLE_IDENTIFIER = camosss.ArtCommunity;
				PRODUCT_NAME = "$(TARGET_NAME)";
				SWIFT_VERSION = 5.0;
				TARGETED_DEVICE_FAMILY = "1,2";
			};
			name = Debug;
		};
		B45423F6268215700037419E /* Release */ = {
			isa = XCBuildConfiguration;
			buildSettings = {
				ASSETCATALOG_COMPILER_GLOBAL_ACCENT_COLOR_NAME = AccentColor;
				CODE_SIGN_STYLE = Automatic;
				DEVELOPMENT_TEAM = 7MS89TXQ5T;
				INFOPLIST_FILE = ArtCommunity/Info.plist;
				LD_RUNPATH_SEARCH_PATHS = (
					"$(inherited)",
					"@executable_path/Frameworks",
				);
				PRODUCT_BUNDLE_IDENTIFIER = camosss.ArtCommunity;
				PRODUCT_NAME = "$(TARGET_NAME)";
				SWIFT_VERSION = 5.0;
				TARGETED_DEVICE_FAMILY = "1,2";
			};
			name = Release;
		};
/* End XCBuildConfiguration section */

/* Begin XCConfigurationList section */
		B45423DB2682156E0037419E /* Build configuration list for PBXProject "ArtCommunity" */ = {
			isa = XCConfigurationList;
			buildConfigurations = (
				B45423F2268215700037419E /* Debug */,
				B45423F3268215700037419E /* Release */,
			);
			defaultConfigurationIsVisible = 0;
			defaultConfigurationName = Release;
		};
		B45423F4268215700037419E /* Build configuration list for PBXNativeTarget "ArtCommunity" */ = {
			isa = XCConfigurationList;
			buildConfigurations = (
				B45423F5268215700037419E /* Debug */,
				B45423F6268215700037419E /* Release */,
			);
			defaultConfigurationIsVisible = 0;
			defaultConfigurationName = Release;
		};
/* End XCConfigurationList section */
	};
	rootObject = B45423D82682156E0037419E /* Project object */;
}
