// !$*UTF8*$!
{
	archiveVersion = 1;
	classes = {
	};
	objectVersion = 51;
	objects = {

/* Begin PBXBuildFile section */
		1D89B2927702AAAD62A165C4 /* Pods_ArtCommunity.framework in Frameworks */ = {isa = PBXBuildFile; fileRef = 10EB0424425BD277D2FD5BA4 /* Pods_ArtCommunity.framework */; };
		B42B974226888021001D96D2 /* LoginController.swift in Sources */ = {isa = PBXBuildFile; fileRef = B42B974126888021001D96D2 /* LoginController.swift */; };
		B42B97442688802A001D96D2 /* RegistrationController.swift in Sources */ = {isa = PBXBuildFile; fileRef = B42B97432688802A001D96D2 /* RegistrationController.swift */; };
		B42B9746268880CA001D96D2 /* Utilities.swift in Sources */ = {isa = PBXBuildFile; fileRef = B42B9745268880CA001D96D2 /* Utilities.swift */; };
		B42B974A2688A5C0001D96D2 /* GoogleService-Info.plist in Resources */ = {isa = PBXBuildFile; fileRef = B42B97492688A5C0001D96D2 /* GoogleService-Info.plist */; };
		B42B974C2688AEBC001D96D2 /* AuthService.swift in Sources */ = {isa = PBXBuildFile; fileRef = B42B974B2688AEBC001D96D2 /* AuthService.swift */; };
		B42B974E2688B0AD001D96D2 /* ImageUploader.swift in Sources */ = {isa = PBXBuildFile; fileRef = B42B974D2688B0AD001D96D2 /* ImageUploader.swift */; };
		B430291F268D7C99005102A6 /* Post.swift in Sources */ = {isa = PBXBuildFile; fileRef = B430291E268D7C99005102A6 /* Post.swift */; };
		B4302921268D7E97005102A6 /* PostViewModel.swift in Sources */ = {isa = PBXBuildFile; fileRef = B4302920268D7E97005102A6 /* PostViewModel.swift */; };
		B4302923268D8BF4005102A6 /* PostController.swift in Sources */ = {isa = PBXBuildFile; fileRef = B4302922268D8BF4005102A6 /* PostController.swift */; };
		B4302925268D8C88005102A6 /* PostCell.swift in Sources */ = {isa = PBXBuildFile; fileRef = B4302924268D8C88005102A6 /* PostCell.swift */; };
		B441484E268C27C000D79A0F /* ProfileController.swift in Sources */ = {isa = PBXBuildFile; fileRef = B441484D268C27C000D79A0F /* ProfileController.swift */; };
		B4414850268C291300D79A0F /* ProfileCell.swift in Sources */ = {isa = PBXBuildFile; fileRef = B441484F268C291300D79A0F /* ProfileCell.swift */; };
		B4414852268C294D00D79A0F /* ProfileHeader.swift in Sources */ = {isa = PBXBuildFile; fileRef = B4414851268C294D00D79A0F /* ProfileHeader.swift */; };
		B4414854268C374700D79A0F /* ProfileViewModel.swift in Sources */ = {isa = PBXBuildFile; fileRef = B4414853268C374700D79A0F /* ProfileViewModel.swift */; };
		B4414856268C41E700D79A0F /* UserCell.swift in Sources */ = {isa = PBXBuildFile; fileRef = B4414855268C41E700D79A0F /* UserCell.swift */; };
		B4414858268C9E1C00D79A0F /* UploadPostController.swift in Sources */ = {isa = PBXBuildFile; fileRef = B4414857268C9E1C00D79A0F /* UploadPostController.swift */; };
		B441485A268CA1C500D79A0F /* InputTextView.swift in Sources */ = {isa = PBXBuildFile; fileRef = B4414859268CA1C500D79A0F /* InputTextView.swift */; };
		B441485C268CAC8B00D79A0F /* PostService.swift in Sources */ = {isa = PBXBuildFile; fileRef = B441485B268CAC8B00D79A0F /* PostService.swift */; };
		B45423E42682156E0037419E /* AppDelegate.swift in Sources */ = {isa = PBXBuildFile; fileRef = B45423E32682156E0037419E /* AppDelegate.swift */; };
		B45423E62682156E0037419E /* SceneDelegate.swift in Sources */ = {isa = PBXBuildFile; fileRef = B45423E52682156E0037419E /* SceneDelegate.swift */; };
		B45423E82682156E0037419E /* ViewController.swift in Sources */ = {isa = PBXBuildFile; fileRef = B45423E72682156E0037419E /* ViewController.swift */; };
		B45423EB2682156E0037419E /* Main.storyboard in Resources */ = {isa = PBXBuildFile; fileRef = B45423E92682156E0037419E /* Main.storyboard */; };
		B45423ED268215700037419E /* Assets.xcassets in Resources */ = {isa = PBXBuildFile; fileRef = B45423EC268215700037419E /* Assets.xcassets */; };
		B45423F0268215700037419E /* LaunchScreen.storyboard in Resources */ = {isa = PBXBuildFile; fileRef = B45423EE268215700037419E /* LaunchScreen.storyboard */; };
		B4542400268217240037419E /* MainTapController.swift in Sources */ = {isa = PBXBuildFile; fileRef = B45423FF268217240037419E /* MainTapController.swift */; };
		B4542402268217FF0037419E /* FeedController.swift in Sources */ = {isa = PBXBuildFile; fileRef = B4542401268217FF0037419E /* FeedController.swift */; };
		B45424042682192C0037419E /* SelectorController.swift in Sources */ = {isa = PBXBuildFile; fileRef = B45424032682192C0037419E /* SelectorController.swift */; };
		B4542406268219480037419E /* CommunityController.swift in Sources */ = {isa = PBXBuildFile; fileRef = B4542405268219480037419E /* CommunityController.swift */; };
		B454240826821C5E0037419E /* Extensions.swift in Sources */ = {isa = PBXBuildFile; fileRef = B454240726821C5E0037419E /* Extensions.swift */; };
		B454240A26821EC50037419E /* MessageController.swift in Sources */ = {isa = PBXBuildFile; fileRef = B454240926821EC50037419E /* MessageController.swift */; };
		B454240E2682224F0037419E /* SearchController.swift in Sources */ = {isa = PBXBuildFile; fileRef = B454240D2682224F0037419E /* SearchController.swift */; };
		B4F1EA052689824100444E97 /* Constants.swift in Sources */ = {isa = PBXBuildFile; fileRef = B4F1EA042689824100444E97 /* Constants.swift */; };
		B4F1EA07268982C900444E97 /* UserService.swift in Sources */ = {isa = PBXBuildFile; fileRef = B4F1EA06268982C900444E97 /* UserService.swift */; };
		B4F1EA092689830000444E97 /* User.swift in Sources */ = {isa = PBXBuildFile; fileRef = B4F1EA082689830000444E97 /* User.swift */; };
/* End PBXBuildFile section */

/* Begin PBXFileReference section */
		10EB0424425BD277D2FD5BA4 /* Pods_ArtCommunity.framework */ = {isa = PBXFileReference; explicitFileType = wrapper.framework; includeInIndex = 0; path = Pods_ArtCommunity.framework; sourceTree = BUILT_PRODUCTS_DIR; };
		37F8FE2DB5682948696D7137 /* Pods-ArtCommunity.release.xcconfig */ = {isa = PBXFileReference; includeInIndex = 1; lastKnownFileType = text.xcconfig; name = "Pods-ArtCommunity.release.xcconfig"; path = "Target Support Files/Pods-ArtCommunity/Pods-ArtCommunity.release.xcconfig"; sourceTree = "<group>"; };
		B42B974126888021001D96D2 /* LoginController.swift */ = {isa = PBXFileReference; lastKnownFileType = sourcecode.swift; path = LoginController.swift; sourceTree = "<group>"; };
		B42B97432688802A001D96D2 /* RegistrationController.swift */ = {isa = PBXFileReference; lastKnownFileType = sourcecode.swift; path = RegistrationController.swift; sourceTree = "<group>"; };
		B42B9745268880CA001D96D2 /* Utilities.swift */ = {isa = PBXFileReference; lastKnownFileType = sourcecode.swift; path = Utilities.swift; sourceTree = "<group>"; };
		B42B97492688A5C0001D96D2 /* GoogleService-Info.plist */ = {isa = PBXFileReference; lastKnownFileType = text.plist; path = "GoogleService-Info.plist"; sourceTree = SOURCE_ROOT; };
		B42B974B2688AEBC001D96D2 /* AuthService.swift */ = {isa = PBXFileReference; lastKnownFileType = sourcecode.swift; path = AuthService.swift; sourceTree = "<group>"; };
		B42B974D2688B0AD001D96D2 /* ImageUploader.swift */ = {isa = PBXFileReference; lastKnownFileType = sourcecode.swift; path = ImageUploader.swift; sourceTree = "<group>"; };
		B430291E268D7C99005102A6 /* Post.swift */ = {isa = PBXFileReference; lastKnownFileType = sourcecode.swift; path = Post.swift; sourceTree = "<group>"; };
		B4302920268D7E97005102A6 /* PostViewModel.swift */ = {isa = PBXFileReference; lastKnownFileType = sourcecode.swift; path = PostViewModel.swift; sourceTree = "<group>"; };
		B4302922268D8BF4005102A6 /* PostController.swift */ = {isa = PBXFileReference; lastKnownFileType = sourcecode.swift; path = PostController.swift; sourceTree = "<group>"; };
		B4302924268D8C88005102A6 /* PostCell.swift */ = {isa = PBXFileReference; lastKnownFileType = sourcecode.swift; path = PostCell.swift; sourceTree = "<group>"; };
		B441484D268C27C000D79A0F /* ProfileController.swift */ = {isa = PBXFileReference; lastKnownFileType = sourcecode.swift; path = ProfileController.swift; sourceTree = "<group>"; };
		B441484F268C291300D79A0F /* ProfileCell.swift */ = {isa = PBXFileReference; lastKnownFileType = sourcecode.swift; path = ProfileCell.swift; sourceTree = "<group>"; };
		B4414851268C294D00D79A0F /* ProfileHeader.swift */ = {isa = PBXFileReference; lastKnownFileType = sourcecode.swift; path = ProfileHeader.swift; sourceTree = "<group>"; };
		B4414853268C374700D79A0F /* ProfileViewModel.swift */ = {isa = PBXFileReference; lastKnownFileType = sourcecode.swift; path = ProfileViewModel.swift; sourceTree = "<group>"; };
		B4414855268C41E700D79A0F /* UserCell.swift */ = {isa = PBXFileReference; lastKnownFileType = sourcecode.swift; path = UserCell.swift; sourceTree = "<group>"; };
		B4414857268C9E1C00D79A0F /* UploadPostController.swift */ = {isa = PBXFileReference; lastKnownFileType = sourcecode.swift; path = UploadPostController.swift; sourceTree = "<group>"; };
		B4414859268CA1C500D79A0F /* InputTextView.swift */ = {isa = PBXFileReference; lastKnownFileType = sourcecode.swift; path = InputTextView.swift; sourceTree = "<group>"; };
		B441485B268CAC8B00D79A0F /* PostService.swift */ = {isa = PBXFileReference; lastKnownFileType = sourcecode.swift; path = PostService.swift; sourceTree = "<group>"; };
		B45423E02682156E0037419E /* ArtCommunity.app */ = {isa = PBXFileReference; explicitFileType = wrapper.application; includeInIndex = 0; path = ArtCommunity.app; sourceTree = BUILT_PRODUCTS_DIR; };
		B45423E32682156E0037419E /* AppDelegate.swift */ = {isa = PBXFileReference; lastKnownFileType = sourcecode.swift; path = AppDelegate.swift; sourceTree = "<group>"; };
		B45423E52682156E0037419E /* SceneDelegate.swift */ = {isa = PBXFileReference; lastKnownFileType = sourcecode.swift; path = SceneDelegate.swift; sourceTree = "<group>"; };
		B45423E72682156E0037419E /* ViewController.swift */ = {isa = PBXFileReference; lastKnownFileType = sourcecode.swift; path = ViewController.swift; sourceTree = "<group>"; };
		B45423EA2682156E0037419E /* Base */ = {isa = PBXFileReference; lastKnownFileType = file.storyboard; name = Base; path = Base.lproj/Main.storyboard; sourceTree = "<group>"; };
		B45423EC268215700037419E /* Assets.xcassets */ = {isa = PBXFileReference; lastKnownFileType = folder.assetcatalog; path = Assets.xcassets; sourceTree = "<group>"; };
		B45423EF268215700037419E /* Base */ = {isa = PBXFileReference; lastKnownFileType = file.storyboard; name = Base; path = Base.lproj/LaunchScreen.storyboard; sourceTree = "<group>"; };
		B45423F1268215700037419E /* Info.plist */ = {isa = PBXFileReference; lastKnownFileType = text.plist.xml; path = Info.plist; sourceTree = "<group>"; };
		B45423FF268217240037419E /* MainTapController.swift */ = {isa = PBXFileReference; lastKnownFileType = sourcecode.swift; path = MainTapController.swift; sourceTree = "<group>"; };
		B4542401268217FF0037419E /* FeedController.swift */ = {isa = PBXFileReference; lastKnownFileType = sourcecode.swift; path = FeedController.swift; sourceTree = "<group>"; };
		B45424032682192C0037419E /* SelectorController.swift */ = {isa = PBXFileReference; lastKnownFileType = sourcecode.swift; path = SelectorController.swift; sourceTree = "<group>"; };
		B4542405268219480037419E /* CommunityController.swift */ = {isa = PBXFileReference; lastKnownFileType = sourcecode.swift; path = CommunityController.swift; sourceTree = "<group>"; };
		B454240726821C5E0037419E /* Extensions.swift */ = {isa = PBXFileReference; lastKnownFileType = sourcecode.swift; path = Extensions.swift; sourceTree = "<group>"; };
		B454240926821EC50037419E /* MessageController.swift */ = {isa = PBXFileReference; lastKnownFileType = sourcecode.swift; path = MessageController.swift; sourceTree = "<group>"; };
		B454240D2682224F0037419E /* SearchController.swift */ = {isa = PBXFileReference; lastKnownFileType = sourcecode.swift; path = SearchController.swift; sourceTree = "<group>"; };
		B4F1EA042689824100444E97 /* Constants.swift */ = {isa = PBXFileReference; lastKnownFileType = sourcecode.swift; path = Constants.swift; sourceTree = "<group>"; };
		B4F1EA06268982C900444E97 /* UserService.swift */ = {isa = PBXFileReference; lastKnownFileType = sourcecode.swift; path = UserService.swift; sourceTree = "<group>"; };
		B4F1EA082689830000444E97 /* User.swift */ = {isa = PBXFileReference; lastKnownFileType = sourcecode.swift; path = User.swift; sourceTree = "<group>"; };
		C13C71624935C1C5DF447520 /* Pods-ArtCommunity.debug.xcconfig */ = {isa = PBXFileReference; includeInIndex = 1; lastKnownFileType = text.xcconfig; name = "Pods-ArtCommunity.debug.xcconfig"; path = "Target Support Files/Pods-ArtCommunity/Pods-ArtCommunity.debug.xcconfig"; sourceTree = "<group>"; };
/* End PBXFileReference section */

/* Begin PBXFrameworksBuildPhase section */
		B45423DD2682156E0037419E /* Frameworks */ = {
			isa = PBXFrameworksBuildPhase;
			buildActionMask = 2147483647;
			files = (
				1D89B2927702AAAD62A165C4 /* Pods_ArtCommunity.framework in Frameworks */,
			);
			runOnlyForDeploymentPostprocessing = 0;
		};
/* End PBXFrameworksBuildPhase section */

/* Begin PBXGroup section */
		B42B974026888013001D96D2 /* Authentication */ = {
			isa = PBXGroup;
			children = (
				B42B974126888021001D96D2 /* LoginController.swift */,
				B42B97432688802A001D96D2 /* RegistrationController.swift */,
			);
			path = Authentication;
			sourceTree = "<group>";
		};
		B45423D72682156E0037419E = {
			isa = PBXGroup;
			children = (
				B45423E22682156E0037419E /* ArtCommunity */,
				B45423E12682156E0037419E /* Products */,
				E6C0D99BEE6F1D22C358A4EE /* Pods */,
				B608BDC9B178A759A52F0C7F /* Frameworks */,
			);
			sourceTree = "<group>";
		};
		B45423E12682156E0037419E /* Products */ = {
			isa = PBXGroup;
			children = (
				B45423E02682156E0037419E /* ArtCommunity.app */,
			);
			name = Products;
			sourceTree = "<group>";
		};
		B45423E22682156E0037419E /* ArtCommunity */ = {
			isa = PBXGroup;
			children = (
				B45423FE268215BD0037419E /* Model */,
				B45423FD268215BC0037419E /* View */,
				B45423FC268215BB0037419E /* ViewModel */,
				B45423FB268215BA0037419E /* Controller */,
				B45423F9268215B20037419E /* API */,
				B45423F72682157F0037419E /* Utils */,
				B45423E32682156E0037419E /* AppDelegate.swift */,
				B45423E52682156E0037419E /* SceneDelegate.swift */,
				B45423E72682156E0037419E /* ViewController.swift */,
				B45423E92682156E0037419E /* Main.storyboard */,
				B45423EC268215700037419E /* Assets.xcassets */,
				B45423EE268215700037419E /* LaunchScreen.storyboard */,
				B45423F1268215700037419E /* Info.plist */,
				B42B97492688A5C0001D96D2 /* GoogleService-Info.plist */,
			);
			path = ArtCommunity;
			sourceTree = "<group>";
		};
		B45423F72682157F0037419E /* Utils */ = {
			isa = PBXGroup;
			children = (
				B454240726821C5E0037419E /* Extensions.swift */,
				B42B9745268880CA001D96D2 /* Utilities.swift */,
				B4F1EA042689824100444E97 /* Constants.swift */,
				B4414859268CA1C500D79A0F /* InputTextView.swift */,
			);
			path = Utils;
			sourceTree = "<group>";
		};
		B45423F9268215B20037419E /* API */ = {
			isa = PBXGroup;
			children = (
				B42B974B2688AEBC001D96D2 /* AuthService.swift */,
				B42B974D2688B0AD001D96D2 /* ImageUploader.swift */,
				B4F1EA06268982C900444E97 /* UserService.swift */,
				B441485B268CAC8B00D79A0F /* PostService.swift */,
			);
			path = API;
			sourceTree = "<group>";
		};
		B45423FB268215BA0037419E /* Controller */ = {
			isa = PBXGroup;
			children = (
				B42B974026888013001D96D2 /* Authentication */,
				B45423FF268217240037419E /* MainTapController.swift */,
				B4542401268217FF0037419E /* FeedController.swift */,
				B441484D268C27C000D79A0F /* ProfileController.swift */,
				B454240D2682224F0037419E /* SearchController.swift */,
				B45424032682192C0037419E /* SelectorController.swift */,
				B4542405268219480037419E /* CommunityController.swift */,
				B454240926821EC50037419E /* MessageController.swift */,
				B4414857268C9E1C00D79A0F /* UploadPostController.swift */,
				B4302922268D8BF4005102A6 /* PostController.swift */,
			);
			path = Controller;
			sourceTree = "<group>";
		};
		B45423FC268215BB0037419E /* ViewModel */ = {
			isa = PBXGroup;
			children = (
				B4414853268C374700D79A0F /* ProfileViewModel.swift */,
				B4302920268D7E97005102A6 /* PostViewModel.swift */,
			);
			path = ViewModel;
			sourceTree = "<group>";
		};
		B45423FD268215BC0037419E /* View */ = {
			isa = PBXGroup;
			children = (
				B441484F268C291300D79A0F /* ProfileCell.swift */,
				B4414851268C294D00D79A0F /* ProfileHeader.swift */,
				B4414855268C41E700D79A0F /* UserCell.swift */,
				B4302924268D8C88005102A6 /* PostCell.swift */,
			);
			path = View;
			sourceTree = "<group>";
		};
		B45423FE268215BD0037419E /* Model */ = {
			isa = PBXGroup;
			children = (
				B4F1EA082689830000444E97 /* User.swift */,
				B430291E268D7C99005102A6 /* Post.swift */,
			);
			path = Model;
			sourceTree = "<group>";
		};
		B608BDC9B178A759A52F0C7F /* Frameworks */ = {
			isa = PBXGroup;
			children = (
				10EB0424425BD277D2FD5BA4 /* Pods_ArtCommunity.framework */,
			);
			name = Frameworks;
			sourceTree = "<group>";
		};
		E6C0D99BEE6F1D22C358A4EE /* Pods */ = {
			isa = PBXGroup;
			children = (
				C13C71624935C1C5DF447520 /* Pods-ArtCommunity.debug.xcconfig */,
				37F8FE2DB5682948696D7137 /* Pods-ArtCommunity.release.xcconfig */,
			);
			path = Pods;
			sourceTree = "<group>";
		};
/* End PBXGroup section */

/* Begin PBXNativeTarget section */
		B45423DF2682156E0037419E /* ArtCommunity */ = {
			isa = PBXNativeTarget;
			buildConfigurationList = B45423F4268215700037419E /* Build configuration list for PBXNativeTarget "ArtCommunity" */;
			buildPhases = (
				9A00340995FB7D854D17B831 /* [CP] Check Pods Manifest.lock */,
				B45423DC2682156E0037419E /* Sources */,
				B45423DD2682156E0037419E /* Frameworks */,
				B45423DE2682156E0037419E /* Resources */,
				87C35214809EB5AC17646191 /* [CP] Embed Pods Frameworks */,
			);
			buildRules = (
			);
			dependencies = (
			);
			name = ArtCommunity;
			productName = ArtCommunity;
			productReference = B45423E02682156E0037419E /* ArtCommunity.app */;
			productType = "com.apple.product-type.application";
		};
/* End PBXNativeTarget section */

/* Begin PBXProject section */
		B45423D82682156E0037419E /* Project object */ = {
			isa = PBXProject;
			attributes = {
				LastSwiftUpdateCheck = 1250;
				LastUpgradeCheck = 1250;
				TargetAttributes = {
					B45423DF2682156E0037419E = {
						CreatedOnToolsVersion = 12.5;
					};
				};
			};
			buildConfigurationList = B45423DB2682156E0037419E /* Build configuration list for PBXProject "ArtCommunity" */;
			compatibilityVersion = "Xcode 9.3";
			developmentRegion = en;
			hasScannedForEncodings = 0;
			knownRegions = (
				en,
				Base,
			);
			mainGroup = B45423D72682156E0037419E;
			productRefGroup = B45423E12682156E0037419E /* Products */;
			projectDirPath = "";
			projectRoot = "";
			targets = (
				B45423DF2682156E0037419E /* ArtCommunity */,
			);
		};
/* End PBXProject section */

/* Begin PBXResourcesBuildPhase section */
		B45423DE2682156E0037419E /* Resources */ = {
			isa = PBXResourcesBuildPhase;
			buildActionMask = 2147483647;
			files = (
				B45423F0268215700037419E /* LaunchScreen.storyboard in Resources */,
				B42B974A2688A5C0001D96D2 /* GoogleService-Info.plist in Resources */,
				B45423ED268215700037419E /* Assets.xcassets in Resources */,
				B45423EB2682156E0037419E /* Main.storyboard in Resources */,
			);
			runOnlyForDeploymentPostprocessing = 0;
		};
/* End PBXResourcesBuildPhase section */

/* Begin PBXShellScriptBuildPhase section */
		87C35214809EB5AC17646191 /* [CP] Embed Pods Frameworks */ = {
			isa = PBXShellScriptBuildPhase;
			buildActionMask = 2147483647;
			files = (
			);
			inputFileListPaths = (
				"${PODS_ROOT}/Target Support Files/Pods-ArtCommunity/Pods-ArtCommunity-frameworks-${CONFIGURATION}-input-files.xcfilelist",
			);
			name = "[CP] Embed Pods Frameworks";
			outputFileListPaths = (
				"${PODS_ROOT}/Target Support Files/Pods-ArtCommunity/Pods-ArtCommunity-frameworks-${CONFIGURATION}-output-files.xcfilelist",
			);
			runOnlyForDeploymentPostprocessing = 0;
			shellPath = /bin/sh;
			shellScript = "\"${PODS_ROOT}/Target Support Files/Pods-ArtCommunity/Pods-ArtCommunity-frameworks.sh\"\n";
			showEnvVarsInLog = 0;
		};
		9A00340995FB7D854D17B831 /* [CP] Check Pods Manifest.lock */ = {
			isa = PBXShellScriptBuildPhase;
			buildActionMask = 2147483647;
			files = (
			);
			inputFileListPaths = (
			);
			inputPaths = (
				"${PODS_PODFILE_DIR_PATH}/Podfile.lock",
				"${PODS_ROOT}/Manifest.lock",
			);
			name = "[CP] Check Pods Manifest.lock";
			outputFileListPaths = (
			);
			outputPaths = (
				"$(DERIVED_FILE_DIR)/Pods-ArtCommunity-checkManifestLockResult.txt",
			);
			runOnlyForDeploymentPostprocessing = 0;
			shellPath = /bin/sh;
			shellScript = "diff \"${PODS_PODFILE_DIR_PATH}/Podfile.lock\" \"${PODS_ROOT}/Manifest.lock\" > /dev/null\nif [ $? != 0 ] ; then\n    # print error to STDERR\n    echo \"error: The sandbox is not in sync with the Podfile.lock. Run 'pod install' or update your CocoaPods installation.\" >&2\n    exit 1\nfi\n# This output is used by Xcode 'outputs' to avoid re-running this script phase.\necho \"SUCCESS\" > \"${SCRIPT_OUTPUT_FILE_0}\"\n";
			showEnvVarsInLog = 0;
		};
/* End PBXShellScriptBuildPhase section */

/* Begin PBXSourcesBuildPhase section */
		B45423DC2682156E0037419E /* Sources */ = {
			isa = PBXSourcesBuildPhase;
			buildActionMask = 2147483647;
			files = (
				B4542400268217240037419E /* MainTapController.swift in Sources */,
				B4F1EA052689824100444E97 /* Constants.swift in Sources */,
				B441484E268C27C000D79A0F /* ProfileController.swift in Sources */,
				B4F1EA07268982C900444E97 /* UserService.swift in Sources */,
				B4414858268C9E1C00D79A0F /* UploadPostController.swift in Sources */,
				B42B974226888021001D96D2 /* LoginController.swift in Sources */,
				B42B9746268880CA001D96D2 /* Utilities.swift in Sources */,
				B454240A26821EC50037419E /* MessageController.swift in Sources */,
				B4302921268D7E97005102A6 /* PostViewModel.swift in Sources */,
				B45423E82682156E0037419E /* ViewController.swift in Sources */,
				B4542402268217FF0037419E /* FeedController.swift in Sources */,
				B4414850268C291300D79A0F /* ProfileCell.swift in Sources */,
				B454240826821C5E0037419E /* Extensions.swift in Sources */,
				B4414856268C41E700D79A0F /* UserCell.swift in Sources */,
				B45423E42682156E0037419E /* AppDelegate.swift in Sources */,
				B45424042682192C0037419E /* SelectorController.swift in Sources */,
				B454240E2682224F0037419E /* SearchController.swift in Sources */,
				B441485A268CA1C500D79A0F /* InputTextView.swift in Sources */,
				B4414852268C294D00D79A0F /* ProfileHeader.swift in Sources */,
				B4542406268219480037419E /* CommunityController.swift in Sources */,
				B42B974C2688AEBC001D96D2 /* AuthService.swift in Sources */,
				B42B974E2688B0AD001D96D2 /* ImageUploader.swift in Sources */,
				B4414854268C374700D79A0F /* ProfileViewModel.swift in Sources */,
				B45423E62682156E0037419E /* SceneDelegate.swift in Sources */,
				B441485C268CAC8B00D79A0F /* PostService.swift in Sources */,
				B430291F268D7C99005102A6 /* Post.swift in Sources */,
				B42B97442688802A001D96D2 /* RegistrationController.swift in Sources */,
				B4F1EA092689830000444E97 /* User.swift in Sources */,
				B4302923268D8BF4005102A6 /* PostController.swift in Sources */,
				B4302925268D8C88005102A6 /* PostCell.swift in Sources */,
			);
			runOnlyForDeploymentPostprocessing = 0;
		};
/* End PBXSourcesBuildPhase section */

/* Begin PBXVariantGroup section */
		B45423E92682156E0037419E /* Main.storyboard */ = {
			isa = PBXVariantGroup;
			children = (
				B45423EA2682156E0037419E /* Base */,
			);
			name = Main.storyboard;
			sourceTree = "<group>";
		};
		B45423EE268215700037419E /* LaunchScreen.storyboard */ = {
			isa = PBXVariantGroup;
			children = (
				B45423EF268215700037419E /* Base */,
			);
			name = LaunchScreen.storyboard;
			sourceTree = "<group>";
		};
/* End PBXVariantGroup section */

/* Begin XCBuildConfiguration section */
		B45423F2268215700037419E /* Debug */ = {
			isa = XCBuildConfiguration;
			buildSettings = {
				ALWAYS_SEARCH_USER_PATHS = NO;
				CLANG_ANALYZER_NONNULL = YES;
				CLANG_ANALYZER_NUMBER_OBJECT_CONVERSION = YES_AGGRESSIVE;
				CLANG_CXX_LANGUAGE_STANDARD = "gnu++14";
				CLANG_CXX_LIBRARY = "libc++";
				CLANG_ENABLE_MODULES = YES;
				CLANG_ENABLE_OBJC_ARC = YES;
				CLANG_ENABLE_OBJC_WEAK = YES;
				CLANG_WARN_BLOCK_CAPTURE_AUTORELEASING = YES;
				CLANG_WARN_BOOL_CONVERSION = YES;
				CLANG_WARN_COMMA = YES;
				CLANG_WARN_CONSTANT_CONVERSION = YES;
				CLANG_WARN_DEPRECATED_OBJC_IMPLEMENTATIONS = YES;
				CLANG_WARN_DIRECT_OBJC_ISA_USAGE = YES_ERROR;
				CLANG_WARN_DOCUMENTATION_COMMENTS = YES;
				CLANG_WARN_EMPTY_BODY = YES;
				CLANG_WARN_ENUM_CONVERSION = YES;
				CLANG_WARN_INFINITE_RECURSION = YES;
				CLANG_WARN_INT_CONVERSION = YES;
				CLANG_WARN_NON_LITERAL_NULL_CONVERSION = YES;
				CLANG_WARN_OBJC_IMPLICIT_RETAIN_SELF = YES;
				CLANG_WARN_OBJC_LITERAL_CONVERSION = YES;
				CLANG_WARN_OBJC_ROOT_CLASS = YES_ERROR;
				CLANG_WARN_QUOTED_INCLUDE_IN_FRAMEWORK_HEADER = YES;
				CLANG_WARN_RANGE_LOOP_ANALYSIS = YES;
				CLANG_WARN_STRICT_PROTOTYPES = YES;
				CLANG_WARN_SUSPICIOUS_MOVE = YES;
				CLANG_WARN_UNGUARDED_AVAILABILITY = YES_AGGRESSIVE;
				CLANG_WARN_UNREACHABLE_CODE = YES;
				CLANG_WARN__DUPLICATE_METHOD_MATCH = YES;
				COPY_PHASE_STRIP = NO;
				DEBUG_INFORMATION_FORMAT = dwarf;
				ENABLE_STRICT_OBJC_MSGSEND = YES;
				ENABLE_TESTABILITY = YES;
				GCC_C_LANGUAGE_STANDARD = gnu11;
				GCC_DYNAMIC_NO_PIC = NO;
				GCC_NO_COMMON_BLOCKS = YES;
				GCC_OPTIMIZATION_LEVEL = 0;
				GCC_PREPROCESSOR_DEFINITIONS = (
					"DEBUG=1",
					"$(inherited)",
				);
				GCC_WARN_64_TO_32_BIT_CONVERSION = YES;
				GCC_WARN_ABOUT_RETURN_TYPE = YES_ERROR;
				GCC_WARN_UNDECLARED_SELECTOR = YES;
				GCC_WARN_UNINITIALIZED_AUTOS = YES_AGGRESSIVE;
				GCC_WARN_UNUSED_FUNCTION = YES;
				GCC_WARN_UNUSED_VARIABLE = YES;
				IPHONEOS_DEPLOYMENT_TARGET = 14.5;
				MTL_ENABLE_DEBUG_INFO = INCLUDE_SOURCE;
				MTL_FAST_MATH = YES;
				ONLY_ACTIVE_ARCH = YES;
				SDKROOT = iphoneos;
				SWIFT_ACTIVE_COMPILATION_CONDITIONS = DEBUG;
				SWIFT_OPTIMIZATION_LEVEL = "-Onone";
			};
			name = Debug;
		};
		B45423F3268215700037419E /* Release */ = {
			isa = XCBuildConfiguration;
			buildSettings = {
				ALWAYS_SEARCH_USER_PATHS = NO;
				CLANG_ANALYZER_NONNULL = YES;
				CLANG_ANALYZER_NUMBER_OBJECT_CONVERSION = YES_AGGRESSIVE;
				CLANG_CXX_LANGUAGE_STANDARD = "gnu++14";
				CLANG_CXX_LIBRARY = "libc++";
				CLANG_ENABLE_MODULES = YES;
				CLANG_ENABLE_OBJC_ARC = YES;
				CLANG_ENABLE_OBJC_WEAK = YES;
				CLANG_WARN_BLOCK_CAPTURE_AUTORELEASING = YES;
				CLANG_WARN_BOOL_CONVERSION = YES;
				CLANG_WARN_COMMA = YES;
				CLANG_WARN_CONSTANT_CONVERSION = YES;
				CLANG_WARN_DEPRECATED_OBJC_IMPLEMENTATIONS = YES;
				CLANG_WARN_DIRECT_OBJC_ISA_USAGE = YES_ERROR;
				CLANG_WARN_DOCUMENTATION_COMMENTS = YES;
				CLANG_WARN_EMPTY_BODY = YES;
				CLANG_WARN_ENUM_CONVERSION = YES;
				CLANG_WARN_INFINITE_RECURSION = YES;
				CLANG_WARN_INT_CONVERSION = YES;
				CLANG_WARN_NON_LITERAL_NULL_CONVERSION = YES;
				CLANG_WARN_OBJC_IMPLICIT_RETAIN_SELF = YES;
				CLANG_WARN_OBJC_LITERAL_CONVERSION = YES;
				CLANG_WARN_OBJC_ROOT_CLASS = YES_ERROR;
				CLANG_WARN_QUOTED_INCLUDE_IN_FRAMEWORK_HEADER = YES;
				CLANG_WARN_RANGE_LOOP_ANALYSIS = YES;
				CLANG_WARN_STRICT_PROTOTYPES = YES;
				CLANG_WARN_SUSPICIOUS_MOVE = YES;
				CLANG_WARN_UNGUARDED_AVAILABILITY = YES_AGGRESSIVE;
				CLANG_WARN_UNREACHABLE_CODE = YES;
				CLANG_WARN__DUPLICATE_METHOD_MATCH = YES;
				COPY_PHASE_STRIP = NO;
				DEBUG_INFORMATION_FORMAT = "dwarf-with-dsym";
				ENABLE_NS_ASSERTIONS = NO;
				ENABLE_STRICT_OBJC_MSGSEND = YES;
				GCC_C_LANGUAGE_STANDARD = gnu11;
				GCC_NO_COMMON_BLOCKS = YES;
				GCC_WARN_64_TO_32_BIT_CONVERSION = YES;
				GCC_WARN_ABOUT_RETURN_TYPE = YES_ERROR;
				GCC_WARN_UNDECLARED_SELECTOR = YES;
				GCC_WARN_UNINITIALIZED_AUTOS = YES_AGGRESSIVE;
				GCC_WARN_UNUSED_FUNCTION = YES;
				GCC_WARN_UNUSED_VARIABLE = YES;
				IPHONEOS_DEPLOYMENT_TARGET = 14.5;
				MTL_ENABLE_DEBUG_INFO = NO;
				MTL_FAST_MATH = YES;
				SDKROOT = iphoneos;
				SWIFT_COMPILATION_MODE = wholemodule;
				SWIFT_OPTIMIZATION_LEVEL = "-O";
				VALIDATE_PRODUCT = YES;
			};
			name = Release;
		};
		B45423F5268215700037419E /* Debug */ = {
			isa = XCBuildConfiguration;
			baseConfigurationReference = C13C71624935C1C5DF447520 /* Pods-ArtCommunity.debug.xcconfig */;
			buildSettings = {
				ASSETCATALOG_COMPILER_GLOBAL_ACCENT_COLOR_NAME = AccentColor;
				CODE_SIGN_STYLE = Automatic;
				DEVELOPMENT_TEAM = 7MS89TXQ5T;
				INFOPLIST_FILE = ArtCommunity/Info.plist;
				LD_RUNPATH_SEARCH_PATHS = (
					"$(inherited)",
					"@executable_path/Frameworks",
				);
				PRODUCT_BUNDLE_IDENTIFIER = camosss.ArtCommunity;
				PRODUCT_NAME = "$(TARGET_NAME)";
				SWIFT_VERSION = 5.0;
				TARGETED_DEVICE_FAMILY = "1,2";
			};
			name = Debug;
		};
		B45423F6268215700037419E /* Release */ = {
			isa = XCBuildConfiguration;
			baseConfigurationReference = 37F8FE2DB5682948696D7137 /* Pods-ArtCommunity.release.xcconfig */;
			buildSettings = {
				ASSETCATALOG_COMPILER_GLOBAL_ACCENT_COLOR_NAME = AccentColor;
				CODE_SIGN_STYLE = Automatic;
				DEVELOPMENT_TEAM = 7MS89TXQ5T;
				INFOPLIST_FILE = ArtCommunity/Info.plist;
				LD_RUNPATH_SEARCH_PATHS = (
					"$(inherited)",
					"@executable_path/Frameworks",
				);
				PRODUCT_BUNDLE_IDENTIFIER = camosss.ArtCommunity;
				PRODUCT_NAME = "$(TARGET_NAME)";
				SWIFT_VERSION = 5.0;
				TARGETED_DEVICE_FAMILY = "1,2";
			};
			name = Release;
		};
/* End XCBuildConfiguration section */

/* Begin XCConfigurationList section */
		B45423DB2682156E0037419E /* Build configuration list for PBXProject "ArtCommunity" */ = {
			isa = XCConfigurationList;
			buildConfigurations = (
				B45423F2268215700037419E /* Debug */,
				B45423F3268215700037419E /* Release */,
			);
			defaultConfigurationIsVisible = 0;
			defaultConfigurationName = Release;
		};
		B45423F4268215700037419E /* Build configuration list for PBXNativeTarget "ArtCommunity" */ = {
			isa = XCConfigurationList;
			buildConfigurations = (
				B45423F5268215700037419E /* Debug */,
				B45423F6268215700037419E /* Release */,
			);
			defaultConfigurationIsVisible = 0;
			defaultConfigurationName = Release;
		};
/* End XCConfigurationList section */
	};
	rootObject = B45423D82682156E0037419E /* Project object */;
}
